{
  "pins" : [
    {
      "identity" : "convex-swift",
      "kind" : "remoteSourceControl",
      "location" : "https://github.com/entityauth/convex-swift.git",
      "state" : {
        "revision" : "26c63b1ced2a1bb705476ba6a4df00324076bf4c",
        "version" : "0.1.0"
      }
    }
  ],
  "version" : 2
}
